
Microsoft Visual Studio Solution File, Format Version 12.00
# Visual Studio Version 16
VisualStudioVersion = 16.0.31515.178
MinimumVisualStudioVersion = 10.0.40219.1
Project("{9A19103F-16F7-4668-BE54-9A1E7A4F7556}") = "CAMMS.Strategy.WebAPI", "CAMMS.Strategy.WebAPI\CAMMS.Strategy.WebAPI.csproj", "{48CDB6F9-9E63-4339-83E5-CD19D8C756D9}"
EndProject
Project("{2150E333-8FDC-42A3-9474-1A3956D46DE8}") = "Source", "Source", "{F46F830A-1D40-4F9E-9B4D-DA1A67FA5575}"
EndProject
Project("{2150E333-8FDC-42A3-9474-1A3956D46DE8}") = "Database", "Database", "{434E7746-DB7E-4E72-88CC-718806B3DFC1}"
EndProject
Project("{2150E333-8FDC-42A3-9474-1A3956D46DE8}") = "Tests", "Tests", "{0D14E8E1-CF1A-49AC-9D62-9E9F5B429E5D}"
EndProject
Project("{2150E333-8FDC-42A3-9474-1A3956D46DE8}") = "Application", "Application", "{FC6ADBC0-7B5F-40EA-9641-3F16CC533ECC}"
EndProject
Project("{2150E333-8FDC-42A3-9474-1A3956D46DE8}") = "Domain", "Domain", "{E4CCC5F7-FE0D-4830-B85A-EA5D95EE5B98}"
EndProject
Project("{2150E333-8FDC-42A3-9474-1A3956D46DE8}") = "Infrastructure", "Infrastructure", "{67BD57F8-2C66-4BF4-AA05-7515118CDCB8}"
EndProject
Project("{2150E333-8FDC-42A3-9474-1A3956D46DE8}") = "Presentation", "Presentation", "{561AF9D2-33E2-4CC4-A1D1-07D457B27D5C}"
EndProject
Project("{00D1A9C2-B5F0-4AF3-8072-F6C62B433612}") = "CAMMS.Strategy.Database", "CAMMS.Strategy.Database\CAMMS.Strategy.Database.sqlproj", "{DB62143B-F957-4BB3-ADC1-3FADA8C69147}"
EndProject
Project("{9A19103F-16F7-4668-BE54-9A1E7A4F7556}") = "CAMMS.Domain", "CAMMS.Core\CAMMS.Domain.csproj", "{27528251-18F4-49D3-BDDD-DCE407DAB58D}"
EndProject
Project("{9A19103F-16F7-4668-BE54-9A1E7A4F7556}") = "CAMMS.Strategy.Application", "CAMMS.Strategy.Application\CAMMS.Strategy.Application.csproj", "{7BC384A4-D748-42CE-AA6B-27A7AB777F9D}"
EndProject
Project("{9A19103F-16F7-4668-BE54-9A1E7A4F7556}") = "CAMMS.Strategy.Application.Command", "CAMMS.Strategy.Application.Command\CAMMS.Strategy.Application.Command.csproj", "{5A12B1B0-196E-42DE-84BC-A0E523911580}"
EndProject
Project("{9A19103F-16F7-4668-BE54-9A1E7A4F7556}") = "CAMMS.Strategy.Application.DTO", "CAMMS.Strategy.Application.DTO\CAMMS.Strategy.Application.DTO.csproj", "{CBEB89E6-B663-418B-86DB-35D7695512DC}"
EndProject
Project("{9A19103F-16F7-4668-BE54-9A1E7A4F7556}") = "CAMMS.Strategy.Application.Interface", "CAMMS.Strategy.Application.Interface\CAMMS.Strategy.Application.Interface.csproj", "{E672206E-9378-439B-A69B-32CC732C111F}"
EndProject
Project("{9A19103F-16F7-4668-BE54-9A1E7A4F7556}") = "CAMMS.Strategy.Application.ObjectMapping", "CAMMS.Strategy.Application.ObjectMapping\CAMMS.Strategy.Application.ObjectMapping.csproj", "{F4CC77A2-5ECB-4979-BE82-BB0656F7F08A}"
EndProject
Project("{9A19103F-16F7-4668-BE54-9A1E7A4F7556}") = "CAMMS.Strategy.Application.Query", "CAMMS.Strategy.Application.Query\CAMMS.Strategy.Application.Query.csproj", "{869E04D6-4470-43AF-A2C7-86B4BA155854}"
EndProject
Project("{9A19103F-16F7-4668-BE54-9A1E7A4F7556}") = "CAMMS.Strategy.Infrastructure", "CAMMS.Strategy.Infrastructure\CAMMS.Strategy.Infrastructure.csproj", "{CEDEC5A2-2844-4A66-A6A3-63D74DC34265}"
EndProject
Project("{9A19103F-16F7-4668-BE54-9A1E7A4F7556}") = "CAMMS.Strategy.Infrastructure.Behavior", "CAMMS.Strategy.Infrastructure.Behavior\CAMMS.Strategy.Infrastructure.Behavior.csproj", "{09F04F02-D070-4DFF-962A-EF3F5F470FF7}"
EndProject
Project("{9A19103F-16F7-4668-BE54-9A1E7A4F7556}") = "CAMMS.Strategy.Infrastructure.Identity", "CAMMS.Strategy.Infrastructure.Identity\CAMMS.Strategy.Infrastructure.Identity.csproj", "{D4F03CA5-FEAC-4FE4-9EC1-2922EA265DB3}"
EndProject
Project("{9A19103F-16F7-4668-BE54-9A1E7A4F7556}") = "CAMMS.Strategy.Infrastructure.Notification", "CAMMS.Strategy.Infrastructure.Notification\CAMMS.Strategy.Infrastructure.Notification.csproj", "{3C454D95-0FBC-49F9-9689-711A1A370734}"
EndProject
Project("{9A19103F-16F7-4668-BE54-9A1E7A4F7556}") = "CAMMS.Strategy.Infrastructure.Persistence", "CAMMS.Strategy.Infrastructure.Persistence\CAMMS.Strategy.Infrastructure.Persistence.csproj", "{0E0E0238-7512-4563-BB60-6C0C89741F25}"
EndProject
Global
	GlobalSection(SolutionConfigurationPlatforms) = preSolution
		Debug|Any CPU = Debug|Any CPU
		Release|Any CPU = Release|Any CPU
	EndGlobalSection
	GlobalSection(ProjectConfigurationPlatforms) = postSolution
		{48CDB6F9-9E63-4339-83E5-CD19D8C756D9}.Debug|Any CPU.ActiveCfg = Debug|Any CPU
		{48CDB6F9-9E63-4339-83E5-CD19D8C756D9}.Debug|Any CPU.Build.0 = Debug|Any CPU
		{48CDB6F9-9E63-4339-83E5-CD19D8C756D9}.Release|Any CPU.ActiveCfg = Release|Any CPU
		{48CDB6F9-9E63-4339-83E5-CD19D8C756D9}.Release|Any CPU.Build.0 = Release|Any CPU
		{DB62143B-F957-4BB3-ADC1-3FADA8C69147}.Debug|Any CPU.ActiveCfg = Debug|Any CPU
		{DB62143B-F957-4BB3-ADC1-3FADA8C69147}.Debug|Any CPU.Build.0 = Debug|Any CPU
		{DB62143B-F957-4BB3-ADC1-3FADA8C69147}.Debug|Any CPU.Deploy.0 = Debug|Any CPU
		{DB62143B-F957-4BB3-ADC1-3FADA8C69147}.Release|Any CPU.ActiveCfg = Release|Any CPU
		{DB62143B-F957-4BB3-ADC1-3FADA8C69147}.Release|Any CPU.Build.0 = Release|Any CPU
		{DB62143B-F957-4BB3-ADC1-3FADA8C69147}.Release|Any CPU.Deploy.0 = Release|Any CPU
		{27528251-18F4-49D3-BDDD-DCE407DAB58D}.Debug|Any CPU.ActiveCfg = Debug|Any CPU
		{27528251-18F4-49D3-BDDD-DCE407DAB58D}.Debug|Any CPU.Build.0 = Debug|Any CPU
		{27528251-18F4-49D3-BDDD-DCE407DAB58D}.Release|Any CPU.ActiveCfg = Release|Any CPU
		{27528251-18F4-49D3-BDDD-DCE407DAB58D}.Release|Any CPU.Build.0 = Release|Any CPU
		{7BC384A4-D748-42CE-AA6B-27A7AB777F9D}.Debug|Any CPU.ActiveCfg = Debug|Any CPU
		{7BC384A4-D748-42CE-AA6B-27A7AB777F9D}.Debug|Any CPU.Build.0 = Debug|Any CPU
		{7BC384A4-D748-42CE-AA6B-27A7AB777F9D}.Release|Any CPU.ActiveCfg = Release|Any CPU
		{7BC384A4-D748-42CE-AA6B-27A7AB777F9D}.Release|Any CPU.Build.0 = Release|Any CPU
		{5A12B1B0-196E-42DE-84BC-A0E523911580}.Debug|Any CPU.ActiveCfg = Debug|Any CPU
		{5A12B1B0-196E-42DE-84BC-A0E523911580}.Debug|Any CPU.Build.0 = Debug|Any CPU
		{5A12B1B0-196E-42DE-84BC-A0E523911580}.Release|Any CPU.ActiveCfg = Release|Any CPU
		{5A12B1B0-196E-42DE-84BC-A0E523911580}.Release|Any CPU.Build.0 = Release|Any CPU
		{CBEB89E6-B663-418B-86DB-35D7695512DC}.Debug|Any CPU.ActiveCfg = Debug|Any CPU
		{CBEB89E6-B663-418B-86DB-35D7695512DC}.Debug|Any CPU.Build.0 = Debug|Any CPU
		{CBEB89E6-B663-418B-86DB-35D7695512DC}.Release|Any CPU.ActiveCfg = Release|Any CPU
		{CBEB89E6-B663-418B-86DB-35D7695512DC}.Release|Any CPU.Build.0 = Release|Any CPU
		{E672206E-9378-439B-A69B-32CC732C111F}.Debug|Any CPU.ActiveCfg = Debug|Any CPU
		{E672206E-9378-439B-A69B-32CC732C111F}.Debug|Any CPU.Build.0 = Debug|Any CPU
		{E672206E-9378-439B-A69B-32CC732C111F}.Release|Any CPU.ActiveCfg = Release|Any CPU
		{E672206E-9378-439B-A69B-32CC732C111F}.Release|Any CPU.Build.0 = Release|Any CPU
		{F4CC77A2-5ECB-4979-BE82-BB0656F7F08A}.Debug|Any CPU.ActiveCfg = Debug|Any CPU
		{F4CC77A2-5ECB-4979-BE82-BB0656F7F08A}.Debug|Any CPU.Build.0 = Debug|Any CPU
		{F4CC77A2-5ECB-4979-BE82-BB0656F7F08A}.Release|Any CPU.ActiveCfg = Release|Any CPU
		{F4CC77A2-5ECB-4979-BE82-BB0656F7F08A}.Release|Any CPU.Build.0 = Release|Any CPU
		{869E04D6-4470-43AF-A2C7-86B4BA155854}.Debug|Any CPU.ActiveCfg = Debug|Any CPU
		{869E04D6-4470-43AF-A2C7-86B4BA155854}.Debug|Any CPU.Build.0 = Debug|Any CPU
		{869E04D6-4470-43AF-A2C7-86B4BA155854}.Release|Any CPU.ActiveCfg = Release|Any CPU
		{869E04D6-4470-43AF-A2C7-86B4BA155854}.Release|Any CPU.Build.0 = Release|Any CPU
		{CEDEC5A2-2844-4A66-A6A3-63D74DC34265}.Debug|Any CPU.ActiveCfg = Debug|Any CPU
		{CEDEC5A2-2844-4A66-A6A3-63D74DC34265}.Debug|Any CPU.Build.0 = Debug|Any CPU
		{CEDEC5A2-2844-4A66-A6A3-63D74DC34265}.Release|Any CPU.ActiveCfg = Release|Any CPU
		{CEDEC5A2-2844-4A66-A6A3-63D74DC34265}.Release|Any CPU.Build.0 = Release|Any CPU
		{09F04F02-D070-4DFF-962A-EF3F5F470FF7}.Debug|Any CPU.ActiveCfg = Debug|Any CPU
		{09F04F02-D070-4DFF-962A-EF3F5F470FF7}.Debug|Any CPU.Build.0 = Debug|Any CPU
		{09F04F02-D070-4DFF-962A-EF3F5F470FF7}.Release|Any CPU.ActiveCfg = Release|Any CPU
		{09F04F02-D070-4DFF-962A-EF3F5F470FF7}.Release|Any CPU.Build.0 = Release|Any CPU
		{D4F03CA5-FEAC-4FE4-9EC1-2922EA265DB3}.Debug|Any CPU.ActiveCfg = Debug|Any CPU
		{D4F03CA5-FEAC-4FE4-9EC1-2922EA265DB3}.Debug|Any CPU.Build.0 = Debug|Any CPU
		{D4F03CA5-FEAC-4FE4-9EC1-2922EA265DB3}.Release|Any CPU.ActiveCfg = Release|Any CPU
		{D4F03CA5-FEAC-4FE4-9EC1-2922EA265DB3}.Release|Any CPU.Build.0 = Release|Any CPU
		{3C454D95-0FBC-49F9-9689-711A1A370734}.Debug|Any CPU.ActiveCfg = Debug|Any CPU
		{3C454D95-0FBC-49F9-9689-711A1A370734}.Debug|Any CPU.Build.0 = Debug|Any CPU
		{3C454D95-0FBC-49F9-9689-711A1A370734}.Release|Any CPU.ActiveCfg = Release|Any CPU
		{3C454D95-0FBC-49F9-9689-711A1A370734}.Release|Any CPU.Build.0 = Release|Any CPU
		{0E0E0238-7512-4563-BB60-6C0C89741F25}.Debug|Any CPU.ActiveCfg = Debug|Any CPU
		{0E0E0238-7512-4563-BB60-6C0C89741F25}.Debug|Any CPU.Build.0 = Debug|Any CPU
		{0E0E0238-7512-4563-BB60-6C0C89741F25}.Release|Any CPU.ActiveCfg = Release|Any CPU
		{0E0E0238-7512-4563-BB60-6C0C89741F25}.Release|Any CPU.Build.0 = Release|Any CPU
	EndGlobalSection
	GlobalSection(SolutionProperties) = preSolution
		HideSolutionNode = FALSE
	EndGlobalSection
	GlobalSection(NestedProjects) = preSolution
		{48CDB6F9-9E63-4339-83E5-CD19D8C756D9} = {561AF9D2-33E2-4CC4-A1D1-07D457B27D5C}
		{FC6ADBC0-7B5F-40EA-9641-3F16CC533ECC} = {F46F830A-1D40-4F9E-9B4D-DA1A67FA5575}
		{E4CCC5F7-FE0D-4830-B85A-EA5D95EE5B98} = {F46F830A-1D40-4F9E-9B4D-DA1A67FA5575}
		{67BD57F8-2C66-4BF4-AA05-7515118CDCB8} = {F46F830A-1D40-4F9E-9B4D-DA1A67FA5575}
		{561AF9D2-33E2-4CC4-A1D1-07D457B27D5C} = {F46F830A-1D40-4F9E-9B4D-DA1A67FA5575}
		{DB62143B-F957-4BB3-ADC1-3FADA8C69147} = {434E7746-DB7E-4E72-88CC-718806B3DFC1}
		{27528251-18F4-49D3-BDDD-DCE407DAB58D} = {E4CCC5F7-FE0D-4830-B85A-EA5D95EE5B98}
		{7BC384A4-D748-42CE-AA6B-27A7AB777F9D} = {FC6ADBC0-7B5F-40EA-9641-3F16CC533ECC}
		{5A12B1B0-196E-42DE-84BC-A0E523911580} = {FC6ADBC0-7B5F-40EA-9641-3F16CC533ECC}
		{CBEB89E6-B663-418B-86DB-35D7695512DC} = {FC6ADBC0-7B5F-40EA-9641-3F16CC533ECC}
		{E672206E-9378-439B-A69B-32CC732C111F} = {FC6ADBC0-7B5F-40EA-9641-3F16CC533ECC}
		{F4CC77A2-5ECB-4979-BE82-BB0656F7F08A} = {FC6ADBC0-7B5F-40EA-9641-3F16CC533ECC}
		{869E04D6-4470-43AF-A2C7-86B4BA155854} = {FC6ADBC0-7B5F-40EA-9641-3F16CC533ECC}
		{CEDEC5A2-2844-4A66-A6A3-63D74DC34265} = {67BD57F8-2C66-4BF4-AA05-7515118CDCB8}
		{09F04F02-D070-4DFF-962A-EF3F5F470FF7} = {67BD57F8-2C66-4BF4-AA05-7515118CDCB8}
		{D4F03CA5-FEAC-4FE4-9EC1-2922EA265DB3} = {67BD57F8-2C66-4BF4-AA05-7515118CDCB8}
		{3C454D95-0FBC-49F9-9689-711A1A370734} = {67BD57F8-2C66-4BF4-AA05-7515118CDCB8}
		{0E0E0238-7512-4563-BB60-6C0C89741F25} = {67BD57F8-2C66-4BF4-AA05-7515118CDCB8}
	EndGlobalSection
	GlobalSection(ExtensibilityGlobals) = postSolution
		SolutionGuid = {DC1C7ABD-9E2F-4FB6-91B3-5D62CDD20EEA}
	EndGlobalSection
EndGlobal
